
Microsoft Visual Studio Solution File, Format Version 12.00
# Visual Studio Version 17
VisualStudioVersion = 17.5.33530.505
MinimumVisualStudioVersion = 10.0.40219.1
Project("{9A19103F-16F7-4668-BE54-9A1E7A4F7556}") = "SqlTest", "SqlTest\SqlTest.csproj", "{AFF77743-C0C7-45A8-948E-DD4908E09038}"
EndProject
Global
	GlobalSection(SolutionConfigurationPlatforms) = preSolution
		Debug|Any CPU = Debug|Any CPU
		Release|Any CPU = Release|Any CPU
	EndGlobalSection
	GlobalSection(ProjectConfigurationPlatforms) = postSolution
		{AFF77743-C0C7-45A8-948E-DD4908E09038}.Debug|Any CPU.ActiveCfg = Debug|Any CPU
		{AFF77743-C0C7-45A8-948E-DD4908E09038}.Debug|Any CPU.Build.0 = Debug|Any CPU
		{AFF77743-C0C7-45A8-948E-DD4908E09038}.Release|Any CPU.ActiveCfg = Release|Any CPU
		{AFF77743-C0C7-45A8-948E-DD4908E09038}.Release|Any CPU.Build.0 = Release|Any CPU
	EndGlobalSection
	GlobalSection(SolutionProperties) = preSolution
		HideSolutionNode = FALSE
	EndGlobalSection
	GlobalSection(ExtensibilityGlobals) = postSolution
		SolutionGuid = {F4A2F513-5C94-4148-A3AC-A23AA290B527}
	EndGlobalSection
EndGlobal
